
Microsoft Visual Studio Solution File, Format Version 12.00
Project("{FAE04EC0-301F-11D3-BF4B-00C04F79EFBC}") = "SneakerWebApp3BHWII", "SneakerWebApp3BHWII.csproj", "{EF8C7262-4E54-403E-9959-2ED90B62E0D3}"
EndProject
Global
	GlobalSection(SolutionConfigurationPlatforms) = preSolution
		Debug|Any CPU = Debug|Any CPU
		Release|Any CPU = Release|Any CPU
	EndGlobalSection
	GlobalSection(ProjectConfigurationPlatforms) = postSolution
		{EF8C7262-4E54-403E-9959-2ED90B62E0D3}.Debug|Any CPU.ActiveCfg = Debug|Any CPU
		{EF8C7262-4E54-403E-9959-2ED90B62E0D3}.Debug|Any CPU.Build.0 = Debug|Any CPU
		{EF8C7262-4E54-403E-9959-2ED90B62E0D3}.Release|Any CPU.ActiveCfg = Release|Any CPU
		{EF8C7262-4E54-403E-9959-2ED90B62E0D3}.Release|Any CPU.Build.0 = Release|Any CPU
	EndGlobalSection
EndGlobal
